// !$*UTF8*$!
{
	archiveVersion = 1;
	classes = {
	};
	objectVersion = 46;
	objects = {

/* Begin PBXBuildFile section */
		282AD68C1A383B8C0030A260 /* main.m in Sources */ = {isa = PBXBuildFile; fileRef = 282AD68B1A383B8C0030A260 /* main.m */; };
		282AD68F1A383B8C0030A260 /* AppDelegate.m in Sources */ = {isa = PBXBuildFile; fileRef = 282AD68E1A383B8C0030A260 /* AppDelegate.m */; };
		282AD6951A383B8C0030A260 /* Main.storyboard in Resources */ = {isa = PBXBuildFile; fileRef = 282AD6931A383B8C0030A260 /* Main.storyboard */; };
		282AD6971A383B8C0030A260 /* Images.xcassets in Resources */ = {isa = PBXBuildFile; fileRef = 282AD6961A383B8C0030A260 /* Images.xcassets */; };
		282AD69A1A383B8C0030A260 /* LaunchScreen.xib in Resources */ = {isa = PBXBuildFile; fileRef = 282AD6981A383B8C0030A260 /* LaunchScreen.xib */; };
		282AD6A61A383B8D0030A260 /* RatingTests.m in Sources */ = {isa = PBXBuildFile; fileRef = 282AD6A51A383B8D0030A260 /* RatingTests.m */; };
		282AD6C81A38499B0030A260 /* 1Star.png in Resources */ = {isa = PBXBuildFile; fileRef = 282AD6B01A38499B0030A260 /* 1Star.png */; };
		282AD6C91A38499B0030A260 /* 1Star@2x.png in Resources */ = {isa = PBXBuildFile; fileRef = 282AD6B11A38499B0030A260 /* 1Star@2x.png */; };
		282AD6CA1A38499B0030A260 /* 1StarSmall.png in Resources */ = {isa = PBXBuildFile; fileRef = 282AD6B21A38499B0030A260 /* 1StarSmall.png */; };
		282AD6CB1A38499B0030A260 /* 1StarSmall@2x.png in Resources */ = {isa = PBXBuildFile; fileRef = 282AD6B31A38499B0030A260 /* 1StarSmall@2x.png */; };
		282AD6CC1A38499B0030A260 /* 2Stars.png in Resources */ = {isa = PBXBuildFile; fileRef = 282AD6B41A38499B0030A260 /* 2Stars.png */; };
		282AD6CD1A38499B0030A260 /* 2Stars@2x.png in Resources */ = {isa = PBXBuildFile; fileRef = 282AD6B51A38499B0030A260 /* 2Stars@2x.png */; };
		282AD6CE1A38499B0030A260 /* 2StarsSmall.png in Resources */ = {isa = PBXBuildFile; fileRef = 282AD6B61A38499B0030A260 /* 2StarsSmall.png */; };
		282AD6CF1A38499B0030A260 /* 2StarsSmall@2x.png in Resources */ = {isa = PBXBuildFile; fileRef = 282AD6B71A38499B0030A260 /* 2StarsSmall@2x.png */; };
		282AD6D01A38499B0030A260 /* 3Stars.png in Resources */ = {isa = PBXBuildFile; fileRef = 282AD6B81A38499B0030A260 /* 3Stars.png */; };
		282AD6D11A38499B0030A260 /* 3Stars@2x.png in Resources */ = {isa = PBXBuildFile; fileRef = 282AD6B91A38499B0030A260 /* 3Stars@2x.png */; };
		282AD6D21A38499B0030A260 /* 3StarsSmall.png in Resources */ = {isa = PBXBuildFile; fileRef = 282AD6BA1A38499B0030A260 /* 3StarsSmall.png */; };
		282AD6D31A38499B0030A260 /* 3StarsSmall@2x.png in Resources */ = {isa = PBXBuildFile; fileRef = 282AD6BB1A38499B0030A260 /* 3StarsSmall@2x.png */; };
		282AD6D41A38499B0030A260 /* 4Stars.png in Resources */ = {isa = PBXBuildFile; fileRef = 282AD6BC1A38499B0030A260 /* 4Stars.png */; };
		282AD6D51A38499B0030A260 /* 4Stars@2x.png in Resources */ = {isa = PBXBuildFile; fileRef = 282AD6BD1A38499B0030A260 /* 4Stars@2x.png */; };
		282AD6D61A38499B0030A260 /* 4StarsSmall.png in Resources */ = {isa = PBXBuildFile; fileRef = 282AD6BE1A38499B0030A260 /* 4StarsSmall.png */; };
		282AD6D71A38499B0030A260 /* 4StarsSmall@2x.png in Resources */ = {isa = PBXBuildFile; fileRef = 282AD6BF1A38499B0030A260 /* 4StarsSmall@2x.png */; };
		282AD6D81A38499B0030A260 /* 5Stars.png in Resources */ = {isa = PBXBuildFile; fileRef = 282AD6C01A38499B0030A260 /* 5Stars.png */; };
		282AD6D91A38499B0030A260 /* 5Stars@2x.png in Resources */ = {isa = PBXBuildFile; fileRef = 282AD6C11A38499B0030A260 /* 5Stars@2x.png */; };
		282AD6DA1A38499B0030A260 /* 5StarsSmall.png in Resources */ = {isa = PBXBuildFile; fileRef = 282AD6C21A38499B0030A260 /* 5StarsSmall.png */; };
		282AD6DB1A38499B0030A260 /* 5StarsSmall@2x.png in Resources */ = {isa = PBXBuildFile; fileRef = 282AD6C31A38499B0030A260 /* 5StarsSmall@2x.png */; };
		282AD6DC1A38499B0030A260 /* Gestures.png in Resources */ = {isa = PBXBuildFile; fileRef = 282AD6C41A38499B0030A260 /* Gestures.png */; };
		282AD6DD1A38499B0030A260 /* Gestures@2x.png in Resources */ = {isa = PBXBuildFile; fileRef = 282AD6C51A38499B0030A260 /* Gestures@2x.png */; };
		282AD6DE1A38499B0030A260 /* Players.png in Resources */ = {isa = PBXBuildFile; fileRef = 282AD6C61A38499B0030A260 /* Players.png */; };
		282AD6DF1A38499B0030A260 /* Players@2x.png in Resources */ = {isa = PBXBuildFile; fileRef = 282AD6C71A38499B0030A260 /* Players@2x.png */; };
		282AD6E21A384E450030A260 /* PlayersTableViewController.m in Sources */ = {isa = PBXBuildFile; fileRef = 282AD6E11A384E450030A260 /* PlayersTableViewController.m */; };
		282AD6E51A384FAB0030A260 /* Player.m in Sources */ = {isa = PBXBuildFile; fileRef = 282AD6E41A384FAB0030A260 /* Player.m */; };
		282AD6E81A3873110030A260 /* PlayerCell.m in Sources */ = {isa = PBXBuildFile; fileRef = 282AD6E71A3873110030A260 /* PlayerCell.m */; };
		282AD6EB1A392C800030A260 /* PlayerDetailsViewController.m in Sources */ = {isa = PBXBuildFile; fileRef = 282AD6EA1A392C800030A260 /* PlayerDetailsViewController.m */; };
		282AD6EE1A3942860030A260 /* GamePickerViewController.m in Sources */ = {isa = PBXBuildFile; fileRef = 282AD6ED1A3942860030A260 /* GamePickerViewController.m */; };
		282AD6F01A394B710030A260 /* AddRating.storyboard in Resources */ = {isa = PBXBuildFile; fileRef = 282AD6EF1A394B710030A260 /* AddRating.storyboard */; };
		282AD6F31A397BC80030A260 /* RatingPickerViewController.m in Sources */ = {isa = PBXBuildFile; fileRef = 282AD6F21A397BC80030A260 /* RatingPickerViewController.m */; };
		282AD6F61A3989360030A260 /* RatingCell.m in Sources */ = {isa = PBXBuildFile; fileRef = 282AD6F51A3989360030A260 /* RatingCell.m */; };
/* End PBXBuildFile section */

/* Begin PBXContainerItemProxy section */
		282AD6A01A383B8D0030A260 /* PBXContainerItemProxy */ = {
			isa = PBXContainerItemProxy;
			containerPortal = 282AD67E1A383B8C0030A260 /* Project object */;
			proxyType = 1;
			remoteGlobalIDString = 282AD6851A383B8C0030A260;
			remoteInfo = Rating;
		};
/* End PBXContainerItemProxy section */

/* Begin PBXFileReference section */
		282AD6861A383B8C0030A260 /* Rating.app */ = {isa = PBXFileReference; explicitFileType = wrapper.application; includeInIndex = 0; path = Rating.app; sourceTree = BUILT_PRODUCTS_DIR; };
		282AD68A1A383B8C0030A260 /* Info.plist */ = {isa = PBXFileReference; lastKnownFileType = text.plist.xml; path = Info.plist; sourceTree = "<group>"; };
		282AD68B1A383B8C0030A260 /* main.m */ = {isa = PBXFileReference; lastKnownFileType = sourcecode.c.objc; path = main.m; sourceTree = "<group>"; };
		282AD68D1A383B8C0030A260 /* AppDelegate.h */ = {isa = PBXFileReference; lastKnownFileType = sourcecode.c.h; path = AppDelegate.h; sourceTree = "<group>"; };
		282AD68E1A383B8C0030A260 /* AppDelegate.m */ = {isa = PBXFileReference; lastKnownFileType = sourcecode.c.objc; path = AppDelegate.m; sourceTree = "<group>"; };
		282AD6941A383B8C0030A260 /* Base */ = {isa = PBXFileReference; lastKnownFileType = file.storyboard; name = Base; path = Base.lproj/Main.storyboard; sourceTree = "<group>"; };
		282AD6961A383B8C0030A260 /* Images.xcassets */ = {isa = PBXFileReference; lastKnownFileType = folder.assetcatalog; path = Images.xcassets; sourceTree = "<group>"; };
		282AD6991A383B8C0030A260 /* Base */ = {isa = PBXFileReference; lastKnownFileType = file.xib; name = Base; path = Base.lproj/LaunchScreen.xib; sourceTree = "<group>"; };
		282AD69F1A383B8D0030A260 /* RatingTests.xctest */ = {isa = PBXFileReference; explicitFileType = wrapper.cfbundle; includeInIndex = 0; path = RatingTests.xctest; sourceTree = BUILT_PRODUCTS_DIR; };
		282AD6A41A383B8D0030A260 /* Info.plist */ = {isa = PBXFileReference; lastKnownFileType = text.plist.xml; path = Info.plist; sourceTree = "<group>"; };
		282AD6A51A383B8D0030A260 /* RatingTests.m */ = {isa = PBXFileReference; lastKnownFileType = sourcecode.c.objc; path = RatingTests.m; sourceTree = "<group>"; };
		282AD6B01A38499B0030A260 /* 1Star.png */ = {isa = PBXFileReference; lastKnownFileType = image.png; path = 1Star.png; sourceTree = "<group>"; };
		282AD6B11A38499B0030A260 /* 1Star@2x.png */ = {isa = PBXFileReference; lastKnownFileType = image.png; path = "1Star@2x.png"; sourceTree = "<group>"; };
		282AD6B21A38499B0030A260 /* 1StarSmall.png */ = {isa = PBXFileReference; lastKnownFileType = image.png; path = 1StarSmall.png; sourceTree = "<group>"; };
		282AD6B31A38499B0030A260 /* 1StarSmall@2x.png */ = {isa = PBXFileReference; lastKnownFileType = image.png; path = "1StarSmall@2x.png"; sourceTree = "<group>"; };
		282AD6B41A38499B0030A260 /* 2Stars.png */ = {isa = PBXFileReference; lastKnownFileType = image.png; path = 2Stars.png; sourceTree = "<group>"; };
		282AD6B51A38499B0030A260 /* 2Stars@2x.png */ = {isa = PBXFileReference; lastKnownFileType = image.png; path = "2Stars@2x.png"; sourceTree = "<group>"; };
		282AD6B61A38499B0030A260 /* 2StarsSmall.png */ = {isa = PBXFileReference; lastKnownFileType = image.png; path = 2StarsSmall.png; sourceTree = "<group>"; };
		282AD6B71A38499B0030A260 /* 2StarsSmall@2x.png */ = {isa = PBXFileReference; lastKnownFileType = image.png; path = "2StarsSmall@2x.png"; sourceTree = "<group>"; };
		282AD6B81A38499B0030A260 /* 3Stars.png */ = {isa = PBXFileReference; lastKnownFileType = image.png; path = 3Stars.png; sourceTree = "<group>"; };
		282AD6B91A38499B0030A260 /* 3Stars@2x.png */ = {isa = PBXFileReference; lastKnownFileType = image.png; path = "3Stars@2x.png"; sourceTree = "<group>"; };
		282AD6BA1A38499B0030A260 /* 3StarsSmall.png */ = {isa = PBXFileReference; lastKnownFileType = image.png; path = 3StarsSmall.png; sourceTree = "<group>"; };
		282AD6BB1A38499B0030A260 /* 3StarsSmall@2x.png */ = {isa = PBXFileReference; lastKnownFileType = image.png; path = "3StarsSmall@2x.png"; sourceTree = "<group>"; };
		282AD6BC1A38499B0030A260 /* 4Stars.png */ = {isa = PBXFileReference; lastKnownFileType = image.png; path = 4Stars.png; sourceTree = "<group>"; };
		282AD6BD1A38499B0030A260 /* 4Stars@2x.png */ = {isa = PBXFileReference; lastKnownFileType = image.png; path = "4Stars@2x.png"; sourceTree = "<group>"; };
		282AD6BE1A38499B0030A260 /* 4StarsSmall.png */ = {isa = PBXFileReference; lastKnownFileType = image.png; path = 4StarsSmall.png; sourceTree = "<group>"; };
		282AD6BF1A38499B0030A260 /* 4StarsSmall@2x.png */ = {isa = PBXFileReference; lastKnownFileType = image.png; path = "4StarsSmall@2x.png"; sourceTree = "<group>"; };
		282AD6C01A38499B0030A260 /* 5Stars.png */ = {isa = PBXFileReference; lastKnownFileType = image.png; path = 5Stars.png; sourceTree = "<group>"; };
		282AD6C11A38499B0030A260 /* 5Stars@2x.png */ = {isa = PBXFileReference; lastKnownFileType = image.png; path = "5Stars@2x.png"; sourceTree = "<group>"; };
		282AD6C21A38499B0030A260 /* 5StarsSmall.png */ = {isa = PBXFileReference; lastKnownFileType = image.png; path = 5StarsSmall.png; sourceTree = "<group>"; };
		282AD6C31A38499B0030A260 /* 5StarsSmall@2x.png */ = {isa = PBXFileReference; lastKnownFileType = image.png; path = "5StarsSmall@2x.png"; sourceTree = "<group>"; };
		282AD6C41A38499B0030A260 /* Gestures.png */ = {isa = PBXFileReference; lastKnownFileType = image.png; path = Gestures.png; sourceTree = "<group>"; };
		282AD6C51A38499B0030A260 /* Gestures@2x.png */ = {isa = PBXFileReference; lastKnownFileType = image.png; path = "Gestures@2x.png"; sourceTree = "<group>"; };
		282AD6C61A38499B0030A260 /* Players.png */ = {isa = PBXFileReference; lastKnownFileType = image.png; path = Players.png; sourceTree = "<group>"; };
		282AD6C71A38499B0030A260 /* Players@2x.png */ = {isa = PBXFileReference; lastKnownFileType = image.png; path = "Players@2x.png"; sourceTree = "<group>"; };
		282AD6E01A384E450030A260 /* PlayersTableViewController.h */ = {isa = PBXFileReference; fileEncoding = 4; lastKnownFileType = sourcecode.c.h; path = PlayersTableViewController.h; sourceTree = "<group>"; };
		282AD6E11A384E450030A260 /* PlayersTableViewController.m */ = {isa = PBXFileReference; fileEncoding = 4; lastKnownFileType = sourcecode.c.objc; path = PlayersTableViewController.m; sourceTree = "<group>"; };
		282AD6E31A384FAB0030A260 /* Player.h */ = {isa = PBXFileReference; fileEncoding = 4; lastKnownFileType = sourcecode.c.h; path = Player.h; sourceTree = "<group>"; };
		282AD6E41A384FAB0030A260 /* Player.m */ = {isa = PBXFileReference; fileEncoding = 4; lastKnownFileType = sourcecode.c.objc; path = Player.m; sourceTree = "<group>"; };
		282AD6E61A3873110030A260 /* PlayerCell.h */ = {isa = PBXFileReference; fileEncoding = 4; lastKnownFileType = sourcecode.c.h; path = PlayerCell.h; sourceTree = "<group>"; };
		282AD6E71A3873110030A260 /* PlayerCell.m */ = {isa = PBXFileReference; fileEncoding = 4; lastKnownFileType = sourcecode.c.objc; path = PlayerCell.m; sourceTree = "<group>"; };
		282AD6E91A392C800030A260 /* PlayerDetailsViewController.h */ = {isa = PBXFileReference; fileEncoding = 4; lastKnownFileType = sourcecode.c.h; path = PlayerDetailsViewController.h; sourceTree = "<group>"; };
		282AD6EA1A392C800030A260 /* PlayerDetailsViewController.m */ = {isa = PBXFileReference; fileEncoding = 4; lastKnownFileType = sourcecode.c.objc; path = PlayerDetailsViewController.m; sourceTree = "<group>"; };
		282AD6EC1A3942860030A260 /* GamePickerViewController.h */ = {isa = PBXFileReference; fileEncoding = 4; lastKnownFileType = sourcecode.c.h; path = GamePickerViewController.h; sourceTree = "<group>"; };
		282AD6ED1A3942860030A260 /* GamePickerViewController.m */ = {isa = PBXFileReference; fileEncoding = 4; lastKnownFileType = sourcecode.c.objc; path = GamePickerViewController.m; sourceTree = "<group>"; };
		282AD6EF1A394B710030A260 /* AddRating.storyboard */ = {isa = PBXFileReference; fileEncoding = 4; lastKnownFileType = file.storyboard; path = AddRating.storyboard; sourceTree = "<group>"; };
		282AD6F11A397BC80030A260 /* RatingPickerViewController.h */ = {isa = PBXFileReference; fileEncoding = 4; lastKnownFileType = sourcecode.c.h; path = RatingPickerViewController.h; sourceTree = "<group>"; };
		282AD6F21A397BC80030A260 /* RatingPickerViewController.m */ = {isa = PBXFileReference; fileEncoding = 4; lastKnownFileType = sourcecode.c.objc; path = RatingPickerViewController.m; sourceTree = "<group>"; };
		282AD6F41A3989360030A260 /* RatingCell.h */ = {isa = PBXFileReference; fileEncoding = 4; lastKnownFileType = sourcecode.c.h; path = RatingCell.h; sourceTree = "<group>"; };
		282AD6F51A3989360030A260 /* RatingCell.m */ = {isa = PBXFileReference; fileEncoding = 4; lastKnownFileType = sourcecode.c.objc; path = RatingCell.m; sourceTree = "<group>"; };
/* End PBXFileReference section */

/* Begin PBXFrameworksBuildPhase section */
		282AD6831A383B8C0030A260 /* Frameworks */ = {
			isa = PBXFrameworksBuildPhase;
			buildActionMask = 2147483647;
			files = (
			);
			runOnlyForDeploymentPostprocessing = 0;
		};
		282AD69C1A383B8D0030A260 /* Frameworks */ = {
			isa = PBXFrameworksBuildPhase;
			buildActionMask = 2147483647;
			files = (
			);
			runOnlyForDeploymentPostprocessing = 0;
		};
/* End PBXFrameworksBuildPhase section */

/* Begin PBXGroup section */
		282AD67D1A383B8C0030A260 = {
			isa = PBXGroup;
			children = (
				282AD6881A383B8C0030A260 /* Rating */,
				282AD6A21A383B8D0030A260 /* RatingTests */,
				282AD6871A383B8C0030A260 /* Products */,
			);
			sourceTree = "<group>";
		};
		282AD6871A383B8C0030A260 /* Products */ = {
			isa = PBXGroup;
			children = (
				282AD6861A383B8C0030A260 /* Rating.app */,
				282AD69F1A383B8D0030A260 /* RatingTests.xctest */,
			);
			name = Products;
			sourceTree = "<group>";
		};
		282AD6881A383B8C0030A260 /* Rating */ = {
			isa = PBXGroup;
			children = (
				282AD68D1A383B8C0030A260 /* AppDelegate.h */,
				282AD68E1A383B8C0030A260 /* AppDelegate.m */,
				282AD6F81A3997290030A260 /* MainView */,
				282AD6F91A3997360030A260 /* AddRating */,
				282AD6F71A3997190030A260 /* Model */,
				282AD6961A383B8C0030A260 /* Images.xcassets */,
				282AD6981A383B8C0030A260 /* LaunchScreen.xib */,
				282AD6891A383B8C0030A260 /* Supporting Files */,
			);
			path = Rating;
			sourceTree = "<group>";
		};
		282AD6891A383B8C0030A260 /* Supporting Files */ = {
			isa = PBXGroup;
			children = (
				282AD6AF1A38499B0030A260 /* Images */,
				282AD68A1A383B8C0030A260 /* Info.plist */,
				282AD68B1A383B8C0030A260 /* main.m */,
			);
			name = "Supporting Files";
			sourceTree = "<group>";
		};
		282AD6A21A383B8D0030A260 /* RatingTests */ = {
			isa = PBXGroup;
			children = (
				282AD6A51A383B8D0030A260 /* RatingTests.m */,
				282AD6A31A383B8D0030A260 /* Supporting Files */,
			);
			path = RatingTests;
			sourceTree = "<group>";
		};
		282AD6A31A383B8D0030A260 /* Supporting Files */ = {
			isa = PBXGroup;
			children = (
				282AD6A41A383B8D0030A260 /* Info.plist */,
			);
			name = "Supporting Files";
			sourceTree = "<group>";
		};
		282AD6AF1A38499B0030A260 /* Images */ = {
			isa = PBXGroup;
			children = (
				282AD6B01A38499B0030A260 /* 1Star.png */,
				282AD6B11A38499B0030A260 /* 1Star@2x.png */,
				282AD6B21A38499B0030A260 /* 1StarSmall.png */,
				282AD6B31A38499B0030A260 /* 1StarSmall@2x.png */,
				282AD6B41A38499B0030A260 /* 2Stars.png */,
				282AD6B51A38499B0030A260 /* 2Stars@2x.png */,
				282AD6B61A38499B0030A260 /* 2StarsSmall.png */,
				282AD6B71A38499B0030A260 /* 2StarsSmall@2x.png */,
				282AD6B81A38499B0030A260 /* 3Stars.png */,
				282AD6B91A38499B0030A260 /* 3Stars@2x.png */,
				282AD6BA1A38499B0030A260 /* 3StarsSmall.png */,
				282AD6BB1A38499B0030A260 /* 3StarsSmall@2x.png */,
				282AD6BC1A38499B0030A260 /* 4Stars.png */,
				282AD6BD1A38499B0030A260 /* 4Stars@2x.png */,
				282AD6BE1A38499B0030A260 /* 4StarsSmall.png */,
				282AD6BF1A38499B0030A260 /* 4StarsSmall@2x.png */,
				282AD6C01A38499B0030A260 /* 5Stars.png */,
				282AD6C11A38499B0030A260 /* 5Stars@2x.png */,
				282AD6C21A38499B0030A260 /* 5StarsSmall.png */,
				282AD6C31A38499B0030A260 /* 5StarsSmall@2x.png */,
				282AD6C41A38499B0030A260 /* Gestures.png */,
				282AD6C51A38499B0030A260 /* Gestures@2x.png */,
				282AD6C61A38499B0030A260 /* Players.png */,
				282AD6C71A38499B0030A260 /* Players@2x.png */,
			);
			path = Images;
			sourceTree = "<group>";
		};
		282AD6F71A3997190030A260 /* Model */ = {
			isa = PBXGroup;
			children = (
				282AD6E31A384FAB0030A260 /* Player.h */,
				282AD6E41A384FAB0030A260 /* Player.m */,
			);
			name = Model;
			sourceTree = "<group>";
		};
		282AD6F81A3997290030A260 /* MainView */ = {
			isa = PBXGroup;
			children = (
				282AD6931A383B8C0030A260 /* Main.storyboard */,
				282AD6E01A384E450030A260 /* PlayersTableViewController.h */,
				282AD6E11A384E450030A260 /* PlayersTableViewController.m */,
				282AD6E61A3873110030A260 /* PlayerCell.h */,
				282AD6E71A3873110030A260 /* PlayerCell.m */,
			);
			name = MainView;
			sourceTree = "<group>";
		};
		282AD6F91A3997360030A260 /* AddRating */ = {
			isa = PBXGroup;
			children = (
				282AD6EF1A394B710030A260 /* AddRating.storyboard */,
				282AD6E91A392C800030A260 /* PlayerDetailsViewController.h */,
				282AD6EA1A392C800030A260 /* PlayerDetailsViewController.m */,
				282AD6EC1A3942860030A260 /* GamePickerViewController.h */,
				282AD6ED1A3942860030A260 /* GamePickerViewController.m */,
				282AD6F11A397BC80030A260 /* RatingPickerViewController.h */,
				282AD6F21A397BC80030A260 /* RatingPickerViewController.m */,
				282AD6F41A3989360030A260 /* RatingCell.h */,
				282AD6F51A3989360030A260 /* RatingCell.m */,
			);
			name = AddRating;
			sourceTree = "<group>";
		};
/* End PBXGroup section */

/* Begin PBXNativeTarget section */
		282AD6851A383B8C0030A260 /* Rating */ = {
			isa = PBXNativeTarget;
			buildConfigurationList = 282AD6A91A383B8D0030A260 /* Build configuration list for PBXNativeTarget "Rating" */;
			buildPhases = (
				282AD6821A383B8C0030A260 /* Sources */,
				282AD6831A383B8C0030A260 /* Frameworks */,
				282AD6841A383B8C0030A260 /* Resources */,
			);
			buildRules = (
			);
			dependencies = (
			);
			name = Rating;
			productName = Rating;
			productReference = 282AD6861A383B8C0030A260 /* Rating.app */;
			productType = "com.apple.product-type.application";
		};
		282AD69E1A383B8D0030A260 /* RatingTests */ = {
			isa = PBXNativeTarget;
			buildConfigurationList = 282AD6AC1A383B8D0030A260 /* Build configuration list for PBXNativeTarget "RatingTests" */;
			buildPhases = (
				282AD69B1A383B8D0030A260 /* Sources */,
				282AD69C1A383B8D0030A260 /* Frameworks */,
				282AD69D1A383B8D0030A260 /* Resources */,
			);
			buildRules = (
			);
			dependencies = (
				282AD6A11A383B8D0030A260 /* PBXTargetDependency */,
			);
			name = RatingTests;
			productName = RatingTests;
			productReference = 282AD69F1A383B8D0030A260 /* RatingTests.xctest */;
			productType = "com.apple.product-type.bundle.unit-test";
		};
/* End PBXNativeTarget section */

/* Begin PBXProject section */
		282AD67E1A383B8C0030A260 /* Project object */ = {
			isa = PBXProject;
			attributes = {
				LastUpgradeCheck = 0610;
				ORGANIZATIONNAME = "BILLY HO";
				TargetAttributes = {
					282AD6851A383B8C0030A260 = {
						CreatedOnToolsVersion = 6.1.1;
					};
					282AD69E1A383B8D0030A260 = {
						CreatedOnToolsVersion = 6.1.1;
						TestTargetID = 282AD6851A383B8C0030A260;
					};
				};
			};
			buildConfigurationList = 282AD6811A383B8C0030A260 /* Build configuration list for PBXProject "Rating" */;
			compatibilityVersion = "Xcode 3.2";
			developmentRegion = English;
			hasScannedForEncodings = 0;
			knownRegions = (
				en,
				Base,
			);
			mainGroup = 282AD67D1A383B8C0030A260;
			productRefGroup = 282AD6871A383B8C0030A260 /* Products */;
			projectDirPath = "";
			projectRoot = "";
			targets = (
				282AD6851A383B8C0030A260 /* Rating */,
				282AD69E1A383B8D0030A260 /* RatingTests */,
			);
		};
/* End PBXProject section */

/* Begin PBXResourcesBuildPhase section */
		282AD6841A383B8C0030A260 /* Resources */ = {
			isa = PBXResourcesBuildPhase;
			buildActionMask = 2147483647;
			files = (
				282AD6CE1A38499B0030A260 /* 2StarsSmall.png in Resources */,
				282AD6DA1A38499B0030A260 /* 5StarsSmall.png in Resources */,
				282AD6CD1A38499B0030A260 /* 2Stars@2x.png in Resources */,
				282AD6D61A38499B0030A260 /* 4StarsSmall.png in Resources */,
				282AD6CB1A38499B0030A260 /* 1StarSmall@2x.png in Resources */,
				282AD6F01A394B710030A260 /* AddRating.storyboard in Resources */,
				282AD6951A383B8C0030A260 /* Main.storyboard in Resources */,
				282AD6D71A38499B0030A260 /* 4StarsSmall@2x.png in Resources */,
				282AD69A1A383B8C0030A260 /* LaunchScreen.xib in Resources */,
				282AD6DD1A38499B0030A260 /* Gestures@2x.png in Resources */,
				282AD6D01A38499B0030A260 /* 3Stars.png in Resources */,
				282AD6DC1A38499B0030A260 /* Gestures.png in Resources */,
				282AD6971A383B8C0030A260 /* Images.xcassets in Resources */,
				282AD6DE1A38499B0030A260 /* Players.png in Resources */,
				282AD6D21A38499B0030A260 /* 3StarsSmall.png in Resources */,
				282AD6CC1A38499B0030A260 /* 2Stars.png in Resources */,
				282AD6D31A38499B0030A260 /* 3StarsSmall@2x.png in Resources */,
				282AD6CA1A38499B0030A260 /* 1StarSmall.png in Resources */,
				282AD6D11A38499B0030A260 /* 3Stars@2x.png in Resources */,
				282AD6DF1A38499B0030A260 /* Players@2x.png in Resources */,
				282AD6C81A38499B0030A260 /* 1Star.png in Resources */,
				282AD6CF1A38499B0030A260 /* 2StarsSmall@2x.png in Resources */,
				282AD6D41A38499B0030A260 /* 4Stars.png in Resources */,
				282AD6C91A38499B0030A260 /* 1Star@2x.png in Resources */,
				282AD6DB1A38499B0030A260 /* 5StarsSmall@2x.png in Resources */,
				282AD6D51A38499B0030A260 /* 4Stars@2x.png in Resources */,
				282AD6D91A38499B0030A260 /* 5Stars@2x.png in Resources */,
				282AD6D81A38499B0030A260 /* 5Stars.png in Resources */,
			);
			runOnlyForDeploymentPostprocessing = 0;
		};
		282AD69D1A383B8D0030A260 /* Resources */ = {
			isa = PBXResourcesBuildPhase;
			buildActionMask = 2147483647;
			files = (
			);
			runOnlyForDeploymentPostprocessing = 0;
		};
/* End PBXResourcesBuildPhase section */

/* Begin PBXSourcesBuildPhase section */
		282AD6821A383B8C0030A260 /* Sources */ = {
			isa = PBXSourcesBuildPhase;
			buildActionMask = 2147483647;
			files = (
				282AD6F61A3989360030A260 /* RatingCell.m in Sources */,
				282AD68F1A383B8C0030A260 /* AppDelegate.m in Sources */,
				282AD6F31A397BC80030A260 /* RatingPickerViewController.m in Sources */,
				282AD6E21A384E450030A260 /* PlayersTableViewController.m in Sources */,
				282AD68C1A383B8C0030A260 /* main.m in Sources */,
				282AD6EE1A3942860030A260 /* GamePickerViewController.m in Sources */,
				282AD6E81A3873110030A260 /* PlayerCell.m in Sources */,
				282AD6E51A384FAB0030A260 /* Player.m in Sources */,
				282AD6EB1A392C800030A260 /* PlayerDetailsViewController.m in Sources */,
			);
			runOnlyForDeploymentPostprocessing = 0;
		};
		282AD69B1A383B8D0030A260 /* Sources */ = {
			isa = PBXSourcesBuildPhase;
			buildActionMask = 2147483647;
			files = (
				282AD6A61A383B8D0030A260 /* RatingTests.m in Sources */,
			);
			runOnlyForDeploymentPostprocessing = 0;
		};
/* End PBXSourcesBuildPhase section */

/* Begin PBXTargetDependency section */
		282AD6A11A383B8D0030A260 /* PBXTargetDependency */ = {
			isa = PBXTargetDependency;
			target = 282AD6851A383B8C0030A260 /* Rating */;
			targetProxy = 282AD6A01A383B8D0030A260 /* PBXContainerItemProxy */;
		};
/* End PBXTargetDependency section */

/* Begin PBXVariantGroup section */
		282AD6931A383B8C0030A260 /* Main.storyboard */ = {
			isa = PBXVariantGroup;
			children = (
				282AD6941A383B8C0030A260 /* Base */,
			);
			name = Main.storyboard;
			sourceTree = "<group>";
		};
		282AD6981A383B8C0030A260 /* LaunchScreen.xib */ = {
			isa = PBXVariantGroup;
			children = (
				282AD6991A383B8C0030A260 /* Base */,
			);
			name = LaunchScreen.xib;
			sourceTree = "<group>";
		};
/* End PBXVariantGroup section */

/* Begin XCBuildConfiguration section */
		282AD6A71A383B8D0030A260 /* Debug */ = {
			isa = XCBuildConfiguration;
			buildSettings = {
				ALWAYS_SEARCH_USER_PATHS = NO;
				CLANG_CXX_LANGUAGE_STANDARD = "gnu++0x";
				CLANG_CXX_LIBRARY = "libc++";
				CLANG_ENABLE_MODULES = YES;
				CLANG_ENABLE_OBJC_ARC = YES;
				CLANG_WARN_BOOL_CONVERSION = YES;
				CLANG_WARN_CONSTANT_CONVERSION = YES;
				CLANG_WARN_DIRECT_OBJC_ISA_USAGE = YES_ERROR;
				CLANG_WARN_EMPTY_BODY = YES;
				CLANG_WARN_ENUM_CONVERSION = YES;
				CLANG_WARN_INT_CONVERSION = YES;
				CLANG_WARN_OBJC_ROOT_CLASS = YES_ERROR;
				CLANG_WARN_UNREACHABLE_CODE = YES;
				CLANG_WARN__DUPLICATE_METHOD_MATCH = YES;
				"CODE_SIGN_IDENTITY[sdk=iphoneos*]" = "iPhone Developer";
				COPY_PHASE_STRIP = NO;
				ENABLE_STRICT_OBJC_MSGSEND = YES;
				GCC_C_LANGUAGE_STANDARD = gnu99;
				GCC_DYNAMIC_NO_PIC = NO;
				GCC_OPTIMIZATION_LEVEL = 0;
				GCC_PREPROCESSOR_DEFINITIONS = (
					"DEBUG=1",
					"$(inherited)",
				);
				GCC_SYMBOLS_PRIVATE_EXTERN = NO;
				GCC_WARN_64_TO_32_BIT_CONVERSION = YES;
				GCC_WARN_ABOUT_RETURN_TYPE = YES_ERROR;
				GCC_WARN_UNDECLARED_SELECTOR = YES;
				GCC_WARN_UNINITIALIZED_AUTOS = YES_AGGRESSIVE;
				GCC_WARN_UNUSED_FUNCTION = YES;
				GCC_WARN_UNUSED_VARIABLE = YES;
				IPHONEOS_DEPLOYMENT_TARGET = 8.1;
				MTL_ENABLE_DEBUG_INFO = YES;
				ONLY_ACTIVE_ARCH = YES;
				SDKROOT = iphoneos;
			};
			name = Debug;
		};
		282AD6A81A383B8D0030A260 /* Release */ = {
			isa = XCBuildConfiguration;
			buildSettings = {
				ALWAYS_SEARCH_USER_PATHS = NO;
				CLANG_CXX_LANGUAGE_STANDARD = "gnu++0x";
				CLANG_CXX_LIBRARY = "libc++";
				CLANG_ENABLE_MODULES = YES;
				CLANG_ENABLE_OBJC_ARC = YES;
				CLANG_WARN_BOOL_CONVERSION = YES;
				CLANG_WARN_CONSTANT_CONVERSION = YES;
				CLANG_WARN_DIRECT_OBJC_ISA_USAGE = YES_ERROR;
				CLANG_WARN_EMPTY_BODY = YES;
				CLANG_WARN_ENUM_CONVERSION = YES;
				CLANG_WARN_INT_CONVERSION = YES;
				CLANG_WARN_OBJC_ROOT_CLASS = YES_ERROR;
				CLANG_WARN_UNREACHABLE_CODE = YES;
				CLANG_WARN__DUPLICATE_METHOD_MATCH = YES;
				"CODE_SIGN_IDENTITY[sdk=iphoneos*]" = "iPhone Developer";
				COPY_PHASE_STRIP = YES;
				ENABLE_NS_ASSERTIONS = NO;
				ENABLE_STRICT_OBJC_MSGSEND = YES;
				GCC_C_LANGUAGE_STANDARD = gnu99;
				GCC_WARN_64_TO_32_BIT_CONVERSION = YES;
				GCC_WARN_ABOUT_RETURN_TYPE = YES_ERROR;
				GCC_WARN_UNDECLARED_SELECTOR = YES;
				GCC_WARN_UNINITIALIZED_AUTOS = YES_AGGRESSIVE;
				GCC_WARN_UNUSED_FUNCTION = YES;
				GCC_WARN_UNUSED_VARIABLE = YES;
				IPHONEOS_DEPLOYMENT_TARGET = 8.1;
				MTL_ENABLE_DEBUG_INFO = NO;
				SDKROOT = iphoneos;
				VALIDATE_PRODUCT = YES;
			};
			name = Release;
		};
		282AD6AA1A383B8D0030A260 /* Debug */ = {
			isa = XCBuildConfiguration;
			buildSettings = {
				ASSETCATALOG_COMPILER_APPICON_NAME = AppIcon;
				INFOPLIST_FILE = Rating/Info.plist;
				LD_RUNPATH_SEARCH_PATHS = "$(inherited) @executable_path/Frameworks";
				PRODUCT_NAME = "$(TARGET_NAME)";
			};
			name = Debug;
		};
		282AD6AB1A383B8D0030A260 /* Release */ = {
			isa = XCBuildConfiguration;
			buildSettings = {
				ASSETCATALOG_COMPILER_APPICON_NAME = AppIcon;
				INFOPLIST_FILE = Rating/Info.plist;
				LD_RUNPATH_SEARCH_PATHS = "$(inherited) @executable_path/Frameworks";
				PRODUCT_NAME = "$(TARGET_NAME)";
			};
			name = Release;
		};
		282AD6AD1A383B8D0030A260 /* Debug */ = {
			isa = XCBuildConfiguration;
			buildSettings = {
				BUNDLE_LOADER = "$(TEST_HOST)";
				FRAMEWORK_SEARCH_PATHS = (
					"$(SDKROOT)/Developer/Library/Frameworks",
					"$(inherited)",
				);
				GCC_PREPROCESSOR_DEFINITIONS = (
					"DEBUG=1",
					"$(inherited)",
				);
				INFOPLIST_FILE = RatingTests/Info.plist;
				LD_RUNPATH_SEARCH_PATHS = "$(inherited) @executable_path/Frameworks @loader_path/Frameworks";
				PRODUCT_NAME = "$(TARGET_NAME)";
				TEST_HOST = "$(BUILT_PRODUCTS_DIR)/Rating.app/Rating";
			};
			name = Debug;
		};
		282AD6AE1A383B8D0030A260 /* Release */ = {
			isa = XCBuildConfiguration;
			buildSettings = {
				BUNDLE_LOADER = "$(TEST_HOST)";
				FRAMEWORK_SEARCH_PATHS = (
					"$(SDKROOT)/Developer/Library/Frameworks",
					"$(inherited)",
				);
				INFOPLIST_FILE = RatingTests/Info.plist;
				LD_RUNPATH_SEARCH_PATHS = "$(inherited) @executable_path/Frameworks @loader_path/Frameworks";
				PRODUCT_NAME = "$(TARGET_NAME)";
				TEST_HOST = "$(BUILT_PRODUCTS_DIR)/Rating.app/Rating";
			};
			name = Release;
		};
/* End XCBuildConfiguration section */

/* Begin XCConfigurationList section */
		282AD6811A383B8C0030A260 /* Build configuration list for PBXProject "Rating" */ = {
			isa = XCConfigurationList;
			buildConfigurations = (
				282AD6A71A383B8D0030A260 /* Debug */,
				282AD6A81A383B8D0030A260 /* Release */,
			);
			defaultConfigurationIsVisible = 0;
			defaultConfigurationName = Release;
		};
		282AD6A91A383B8D0030A260 /* Build configuration list for PBXNativeTarget "Rating" */ = {
			isa = XCConfigurationList;
			buildConfigurations = (
				282AD6AA1A383B8D0030A260 /* Debug */,
				282AD6AB1A383B8D0030A260 /* Release */,
			);
			defaultConfigurationIsVisible = 0;
			defaultConfigurationName = Release;
		};
		282AD6AC1A383B8D0030A260 /* Build configuration list for PBXNativeTarget "RatingTests" */ = {
			isa = XCConfigurationList;
			buildConfigurations = (
				282AD6AD1A383B8D0030A260 /* Debug */,
				282AD6AE1A383B8D0030A260 /* Release */,
			);
			defaultConfigurationIsVisible = 0;
			defaultConfigurationName = Release;
		};
/* End XCConfigurationList section */
	};
	rootObject = 282AD67E1A383B8C0030A260 /* Project object */;
}
